// !$*UTF8*$!
{
	archiveVersion = 1;
	classes = {
	};
	objectVersion = 55;
	objects = {

/* Begin PBXBuildFile section */
		4046DE6A276D1759006111B9 /* AppDelegate.swift in Sources */ = {isa = PBXBuildFile; fileRef = 4046DE69276D1759006111B9 /* AppDelegate.swift */; };
		4046DE6C276D1759006111B9 /* SceneDelegate.swift in Sources */ = {isa = PBXBuildFile; fileRef = 4046DE6B276D1759006111B9 /* SceneDelegate.swift */; };
		4046DE6E276D1759006111B9 /* MainController.swift in Sources */ = {isa = PBXBuildFile; fileRef = 4046DE6D276D1759006111B9 /* MainController.swift */; };
		4046DE71276D1759006111B9 /* Main.storyboard in Resources */ = {isa = PBXBuildFile; fileRef = 4046DE6F276D1759006111B9 /* Main.storyboard */; };
		4046DE73276D175A006111B9 /* Assets.xcassets in Resources */ = {isa = PBXBuildFile; fileRef = 4046DE72276D175A006111B9 /* Assets.xcassets */; };
		4046DE76276D175A006111B9 /* LaunchScreen.storyboard in Resources */ = {isa = PBXBuildFile; fileRef = 4046DE74276D175A006111B9 /* LaunchScreen.storyboard */; };
		4046DE7E276D1857006111B9 /* GameController.swift in Sources */ = {isa = PBXBuildFile; fileRef = 4046DE7D276D1857006111B9 /* GameController.swift */; };
		4046DE82276D1B5F006111B9 /* Question.swift in Sources */ = {isa = PBXBuildFile; fileRef = 4046DE81276D1B5F006111B9 /* Question.swift */; };
		4046DE84276D2409006111B9 /* Game.swift in Sources */ = {isa = PBXBuildFile; fileRef = 4046DE83276D2409006111B9 /* Game.swift */; };
		4046DE86276D2438006111B9 /* GameSession.swift in Sources */ = {isa = PBXBuildFile; fileRef = 4046DE85276D2438006111B9 /* GameSession.swift */; };
		40C5E552276E5AF400E6BC13 /* DemoData.swift in Sources */ = {isa = PBXBuildFile; fileRef = 40C5E551276E5AF400E6BC13 /* DemoData.swift */; };
		40C5E554276E649400E6BC13 /* ResultCaretaker.swift in Sources */ = {isa = PBXBuildFile; fileRef = 40C5E553276E649400E6BC13 /* ResultCaretaker.swift */; };
		40C5E556276E7CC700E6BC13 /* RandomSettingCaretaker.swift in Sources */ = {isa = PBXBuildFile; fileRef = 40C5E555276E7CC700E6BC13 /* RandomSettingCaretaker.swift */; };
		40C5E558276E895100E6BC13 /* QuestionOrder.swift in Sources */ = {isa = PBXBuildFile; fileRef = 40C5E557276E895100E6BC13 /* QuestionOrder.swift */; };
		40C5E55A276F36E800E6BC13 /* SettingsController.swift in Sources */ = {isa = PBXBuildFile; fileRef = 40C5E559276F36E800E6BC13 /* SettingsController.swift */; };
		40C5E55C276F3D7E00E6BC13 /* RandomStrategy.swift in Sources */ = {isa = PBXBuildFile; fileRef = 40C5E55B276F3D7E00E6BC13 /* RandomStrategy.swift */; };
		40C5E561276F62A800E6BC13 /* QuestionCaretaker.swift in Sources */ = {isa = PBXBuildFile; fileRef = 40C5E560276F62A800E6BC13 /* QuestionCaretaker.swift */; };
		40C5E564276F693500E6BC13 /* Observable.swift in Sources */ = {isa = PBXBuildFile; fileRef = 40C5E563276F693500E6BC13 /* Observable.swift */; };
		40C5E566276F69CD00E6BC13 /* ObservebleOptions.swift in Sources */ = {isa = PBXBuildFile; fileRef = 40C5E565276F69CD00E6BC13 /* ObservebleOptions.swift */; };
		40C5E568276F821100E6BC13 /* AddQuestionController.swift in Sources */ = {isa = PBXBuildFile; fileRef = 40C5E567276F821100E6BC13 /* AddQuestionController.swift */; };
/* End PBXBuildFile section */

/* Begin PBXFileReference section */
		4046DE66276D1759006111B9 /* whosWannaBeMillionaire.app */ = {isa = PBXFileReference; explicitFileType = wrapper.application; includeInIndex = 0; path = whosWannaBeMillionaire.app; sourceTree = BUILT_PRODUCTS_DIR; };
		4046DE69276D1759006111B9 /* AppDelegate.swift */ = {isa = PBXFileReference; lastKnownFileType = sourcecode.swift; path = AppDelegate.swift; sourceTree = "<group>"; };
		4046DE6B276D1759006111B9 /* SceneDelegate.swift */ = {isa = PBXFileReference; lastKnownFileType = sourcecode.swift; path = SceneDelegate.swift; sourceTree = "<group>"; };
		4046DE6D276D1759006111B9 /* MainController.swift */ = {isa = PBXFileReference; lastKnownFileType = sourcecode.swift; path = MainController.swift; sourceTree = "<group>"; };
		4046DE70276D1759006111B9 /* Base */ = {isa = PBXFileReference; lastKnownFileType = file.storyboard; name = Base; path = Base.lproj/Main.storyboard; sourceTree = "<group>"; };
		4046DE72276D175A006111B9 /* Assets.xcassets */ = {isa = PBXFileReference; lastKnownFileType = folder.assetcatalog; path = Assets.xcassets; sourceTree = "<group>"; };
		4046DE75276D175A006111B9 /* Base */ = {isa = PBXFileReference; lastKnownFileType = file.storyboard; name = Base; path = Base.lproj/LaunchScreen.storyboard; sourceTree = "<group>"; };
		4046DE77276D175A006111B9 /* Info.plist */ = {isa = PBXFileReference; lastKnownFileType = text.plist.xml; path = Info.plist; sourceTree = "<group>"; };
		4046DE7D276D1857006111B9 /* GameController.swift */ = {isa = PBXFileReference; lastKnownFileType = sourcecode.swift; path = GameController.swift; sourceTree = "<group>"; };
		4046DE81276D1B5F006111B9 /* Question.swift */ = {isa = PBXFileReference; lastKnownFileType = sourcecode.swift; path = Question.swift; sourceTree = "<group>"; };
		4046DE83276D2409006111B9 /* Game.swift */ = {isa = PBXFileReference; lastKnownFileType = sourcecode.swift; path = Game.swift; sourceTree = "<group>"; };
		4046DE85276D2438006111B9 /* GameSession.swift */ = {isa = PBXFileReference; lastKnownFileType = sourcecode.swift; path = GameSession.swift; sourceTree = "<group>"; };
		40C5E551276E5AF400E6BC13 /* DemoData.swift */ = {isa = PBXFileReference; lastKnownFileType = sourcecode.swift; path = DemoData.swift; sourceTree = "<group>"; };
		40C5E553276E649400E6BC13 /* ResultCaretaker.swift */ = {isa = PBXFileReference; lastKnownFileType = sourcecode.swift; path = ResultCaretaker.swift; sourceTree = "<group>"; };
		40C5E555276E7CC700E6BC13 /* RandomSettingCaretaker.swift */ = {isa = PBXFileReference; lastKnownFileType = sourcecode.swift; path = RandomSettingCaretaker.swift; sourceTree = "<group>"; };
		40C5E557276E895100E6BC13 /* QuestionOrder.swift */ = {isa = PBXFileReference; lastKnownFileType = sourcecode.swift; path = QuestionOrder.swift; sourceTree = "<group>"; };
		40C5E559276F36E800E6BC13 /* SettingsController.swift */ = {isa = PBXFileReference; lastKnownFileType = sourcecode.swift; path = SettingsController.swift; sourceTree = "<group>"; };
		40C5E55B276F3D7E00E6BC13 /* RandomStrategy.swift */ = {isa = PBXFileReference; lastKnownFileType = sourcecode.swift; path = RandomStrategy.swift; sourceTree = "<group>"; };
		40C5E560276F62A800E6BC13 /* QuestionCaretaker.swift */ = {isa = PBXFileReference; lastKnownFileType = sourcecode.swift; path = QuestionCaretaker.swift; sourceTree = "<group>"; };
		40C5E563276F693500E6BC13 /* Observable.swift */ = {isa = PBXFileReference; lastKnownFileType = sourcecode.swift; path = Observable.swift; sourceTree = "<group>"; };
		40C5E565276F69CD00E6BC13 /* ObservebleOptions.swift */ = {isa = PBXFileReference; lastKnownFileType = sourcecode.swift; path = ObservebleOptions.swift; sourceTree = "<group>"; };
		40C5E567276F821100E6BC13 /* AddQuestionController.swift */ = {isa = PBXFileReference; lastKnownFileType = sourcecode.swift; path = AddQuestionController.swift; sourceTree = "<group>"; };
/* End PBXFileReference section */

/* Begin PBXFrameworksBuildPhase section */
		4046DE63276D1759006111B9 /* Frameworks */ = {
			isa = PBXFrameworksBuildPhase;
			buildActionMask = 2147483647;
			files = (
			);
			runOnlyForDeploymentPostprocessing = 0;
		};
/* End PBXFrameworksBuildPhase section */

/* Begin PBXGroup section */
		4046DE5D276D1759006111B9 = {
			isa = PBXGroup;
			children = (
				4046DE68276D1759006111B9 /* whosWannaBeMillionaire */,
				4046DE67276D1759006111B9 /* Products */,
			);
			sourceTree = "<group>";
		};
		4046DE67276D1759006111B9 /* Products */ = {
			isa = PBXGroup;
			children = (
				4046DE66276D1759006111B9 /* whosWannaBeMillionaire.app */,
			);
			name = Products;
			sourceTree = "<group>";
		};
		4046DE68276D1759006111B9 /* whosWannaBeMillionaire */ = {
			isa = PBXGroup;
			children = (
				40C5E562276F68D900E6BC13 /* Observable */,
				40C5E55E276F609D00E6BC13 /* Strategy */,
				40C5E55D276F604500E6BC13 /* Memento */,
				4046DE80276D1B2B006111B9 /* Model */,
				4046DE7F276D1B14006111B9 /* Controller */,
				4046DE69276D1759006111B9 /* AppDelegate.swift */,
				4046DE6B276D1759006111B9 /* SceneDelegate.swift */,
				4046DE6F276D1759006111B9 /* Main.storyboard */,
				4046DE72276D175A006111B9 /* Assets.xcassets */,
				4046DE74276D175A006111B9 /* LaunchScreen.storyboard */,
				4046DE77276D175A006111B9 /* Info.plist */,
			);
			path = whosWannaBeMillionaire;
			sourceTree = "<group>";
		};
		4046DE7F276D1B14006111B9 /* Controller */ = {
			isa = PBXGroup;
			children = (
				4046DE6D276D1759006111B9 /* MainController.swift */,
				4046DE7D276D1857006111B9 /* GameController.swift */,
				40C5E559276F36E800E6BC13 /* SettingsController.swift */,
				40C5E567276F821100E6BC13 /* AddQuestionController.swift */,
			);
			path = Controller;
			sourceTree = "<group>";
		};
		4046DE80276D1B2B006111B9 /* Model */ = {
			isa = PBXGroup;
			children = (
				40C5E55F276F626000E6BC13 /* Types */,
				4046DE83276D2409006111B9 /* Game.swift */,
				4046DE85276D2438006111B9 /* GameSession.swift */,
				40C5E551276E5AF400E6BC13 /* DemoData.swift */,
			);
			path = Model;
			sourceTree = "<group>";
		};
		40C5E55D276F604500E6BC13 /* Memento */ = {
			isa = PBXGroup;
			children = (
				40C5E553276E649400E6BC13 /* ResultCaretaker.swift */,
				40C5E555276E7CC700E6BC13 /* RandomSettingCaretaker.swift */,
				40C5E560276F62A800E6BC13 /* QuestionCaretaker.swift */,
			);
			path = Memento;
			sourceTree = "<group>";
		};
		40C5E55E276F609D00E6BC13 /* Strategy */ = {
			isa = PBXGroup;
			children = (
				40C5E55B276F3D7E00E6BC13 /* RandomStrategy.swift */,
			);
			path = Strategy;
			sourceTree = "<group>";
		};
		40C5E55F276F626000E6BC13 /* Types */ = {
			isa = PBXGroup;
			children = (
				4046DE81276D1B5F006111B9 /* Question.swift */,
				40C5E557276E895100E6BC13 /* QuestionOrder.swift */,
			);
			path = Types;
			sourceTree = "<group>";
		};
		40C5E562276F68D900E6BC13 /* Observable */ = {
			isa = PBXGroup;
			children = (
				40C5E563276F693500E6BC13 /* Observable.swift */,
				40C5E565276F69CD00E6BC13 /* ObservebleOptions.swift */,
			);
			path = Observable;
			sourceTree = "<group>";
		};
/* End PBXGroup section */

/* Begin PBXNativeTarget section */
		4046DE65276D1759006111B9 /* whosWannaBeMillionaire */ = {
			isa = PBXNativeTarget;
			buildConfigurationList = 4046DE7A276D175A006111B9 /* Build configuration list for PBXNativeTarget "whosWannaBeMillionaire" */;
			buildPhases = (
				4046DE62276D1759006111B9 /* Sources */,
				4046DE63276D1759006111B9 /* Frameworks */,
				4046DE64276D1759006111B9 /* Resources */,
			);
			buildRules = (
			);
			dependencies = (
			);
			name = whosWannaBeMillionaire;
			productName = whosWannaBeMillionaire;
			productReference = 4046DE66276D1759006111B9 /* whosWannaBeMillionaire.app */;
			productType = "com.apple.product-type.application";
		};
/* End PBXNativeTarget section */

/* Begin PBXProject section */
		4046DE5E276D1759006111B9 /* Project object */ = {
			isa = PBXProject;
			attributes = {
				BuildIndependentTargetsInParallel = 1;
				LastSwiftUpdateCheck = 1320;
				LastUpgradeCheck = 1320;
				TargetAttributes = {
					4046DE65276D1759006111B9 = {
						CreatedOnToolsVersion = 13.2;
					};
				};
			};
			buildConfigurationList = 4046DE61276D1759006111B9 /* Build configuration list for PBXProject "whosWannaBeMillionaire" */;
			compatibilityVersion = "Xcode 13.0";
			developmentRegion = en;
			hasScannedForEncodings = 0;
			knownRegions = (
				en,
				Base,
			);
			mainGroup = 4046DE5D276D1759006111B9;
			productRefGroup = 4046DE67276D1759006111B9 /* Products */;
			projectDirPath = "";
			projectRoot = "";
			targets = (
				4046DE65276D1759006111B9 /* whosWannaBeMillionaire */,
			);
		};
/* End PBXProject section */

/* Begin PBXResourcesBuildPhase section */
		4046DE64276D1759006111B9 /* Resources */ = {
			isa = PBXResourcesBuildPhase;
			buildActionMask = 2147483647;
			files = (
				4046DE76276D175A006111B9 /* LaunchScreen.storyboard in Resources */,
				4046DE73276D175A006111B9 /* Assets.xcassets in Resources */,
				4046DE71276D1759006111B9 /* Main.storyboard in Resources */,
			);
			runOnlyForDeploymentPostprocessing = 0;
		};
/* End PBXResourcesBuildPhase section */

/* Begin PBXSourcesBuildPhase section */
		4046DE62276D1759006111B9 /* Sources */ = {
			isa = PBXSourcesBuildPhase;
			buildActionMask = 2147483647;
			files = (
				40C5E55C276F3D7E00E6BC13 /* RandomStrategy.swift in Sources */,
				40C5E564276F693500E6BC13 /* Observable.swift in Sources */,
				40C5E55A276F36E800E6BC13 /* SettingsController.swift in Sources */,
				40C5E561276F62A800E6BC13 /* QuestionCaretaker.swift in Sources */,
				40C5E556276E7CC700E6BC13 /* RandomSettingCaretaker.swift in Sources */,
				40C5E552276E5AF400E6BC13 /* DemoData.swift in Sources */,
				4046DE82276D1B5F006111B9 /* Question.swift in Sources */,
				40C5E566276F69CD00E6BC13 /* ObservebleOptions.swift in Sources */,
				4046DE84276D2409006111B9 /* Game.swift in Sources */,
				4046DE6E276D1759006111B9 /* MainController.swift in Sources */,
				4046DE7E276D1857006111B9 /* GameController.swift in Sources */,
				4046DE86276D2438006111B9 /* GameSession.swift in Sources */,
				40C5E554276E649400E6BC13 /* ResultCaretaker.swift in Sources */,
				4046DE6A276D1759006111B9 /* AppDelegate.swift in Sources */,
				40C5E558276E895100E6BC13 /* QuestionOrder.swift in Sources */,
				40C5E568276F821100E6BC13 /* AddQuestionController.swift in Sources */,
				4046DE6C276D1759006111B9 /* SceneDelegate.swift in Sources */,
			);
			runOnlyForDeploymentPostprocessing = 0;
		};
/* End PBXSourcesBuildPhase section */

/* Begin PBXVariantGroup section */
		4046DE6F276D1759006111B9 /* Main.storyboard */ = {
			isa = PBXVariantGroup;
			children = (
				4046DE70276D1759006111B9 /* Base */,
			);
			name = Main.storyboard;
			sourceTree = "<group>";
		};
		4046DE74276D175A006111B9 /* LaunchScreen.storyboard */ = {
			isa = PBXVariantGroup;
			children = (
				4046DE75276D175A006111B9 /* Base */,
			);
			name = LaunchScreen.storyboard;
			sourceTree = "<group>";
		};
/* End PBXVariantGroup section */

/* Begin XCBuildConfiguration section */
		4046DE78276D175A006111B9 /* Debug */ = {
			isa = XCBuildConfiguration;
			buildSettings = {
				ALWAYS_SEARCH_USER_PATHS = NO;
				CLANG_ANALYZER_NONNULL = YES;
				CLANG_ANALYZER_NUMBER_OBJECT_CONVERSION = YES_AGGRESSIVE;
				CLANG_CXX_LANGUAGE_STANDARD = "gnu++17";
				CLANG_CXX_LIBRARY = "libc++";
				CLANG_ENABLE_MODULES = YES;
				CLANG_ENABLE_OBJC_ARC = YES;
				CLANG_ENABLE_OBJC_WEAK = YES;
				CLANG_WARN_BLOCK_CAPTURE_AUTORELEASING = YES;
				CLANG_WARN_BOOL_CONVERSION = YES;
				CLANG_WARN_COMMA = YES;
				CLANG_WARN_CONSTANT_CONVERSION = YES;
				CLANG_WARN_DEPRECATED_OBJC_IMPLEMENTATIONS = YES;
				CLANG_WARN_DIRECT_OBJC_ISA_USAGE = YES_ERROR;
				CLANG_WARN_DOCUMENTATION_COMMENTS = YES;
				CLANG_WARN_EMPTY_BODY = YES;
				CLANG_WARN_ENUM_CONVERSION = YES;
				CLANG_WARN_INFINITE_RECURSION = YES;
				CLANG_WARN_INT_CONVERSION = YES;
				CLANG_WARN_NON_LITERAL_NULL_CONVERSION = YES;
				CLANG_WARN_OBJC_IMPLICIT_RETAIN_SELF = YES;
				CLANG_WARN_OBJC_LITERAL_CONVERSION = YES;
				CLANG_WARN_OBJC_ROOT_CLASS = YES_ERROR;
				CLANG_WARN_QUOTED_INCLUDE_IN_FRAMEWORK_HEADER = YES;
				CLANG_WARN_RANGE_LOOP_ANALYSIS = YES;
				CLANG_WARN_STRICT_PROTOTYPES = YES;
				CLANG_WARN_SUSPICIOUS_MOVE = YES;
				CLANG_WARN_UNGUARDED_AVAILABILITY = YES_AGGRESSIVE;
				CLANG_WARN_UNREACHABLE_CODE = YES;
				CLANG_WARN__DUPLICATE_METHOD_MATCH = YES;
				COPY_PHASE_STRIP = NO;
				DEBUG_INFORMATION_FORMAT = dwarf;
				ENABLE_STRICT_OBJC_MSGSEND = YES;
				ENABLE_TESTABILITY = YES;
				GCC_C_LANGUAGE_STANDARD = gnu11;
				GCC_DYNAMIC_NO_PIC = NO;
				GCC_NO_COMMON_BLOCKS = YES;
				GCC_OPTIMIZATION_LEVEL = 0;
				GCC_PREPROCESSOR_DEFINITIONS = (
					"DEBUG=1",
					"$(inherited)",
				);
				GCC_WARN_64_TO_32_BIT_CONVERSION = YES;
				GCC_WARN_ABOUT_RETURN_TYPE = YES_ERROR;
				GCC_WARN_UNDECLARED_SELECTOR = YES;
				GCC_WARN_UNINITIALIZED_AUTOS = YES_AGGRESSIVE;
				GCC_WARN_UNUSED_FUNCTION = YES;
				GCC_WARN_UNUSED_VARIABLE = YES;
				IPHONEOS_DEPLOYMENT_TARGET = 15.2;
				MTL_ENABLE_DEBUG_INFO = INCLUDE_SOURCE;
				MTL_FAST_MATH = YES;
				ONLY_ACTIVE_ARCH = YES;
				SDKROOT = iphoneos;
				SWIFT_ACTIVE_COMPILATION_CONDITIONS = DEBUG;
				SWIFT_OPTIMIZATION_LEVEL = "-Onone";
			};
			name = Debug;
		};
		4046DE79276D175A006111B9 /* Release */ = {
			isa = XCBuildConfiguration;
			buildSettings = {
				ALWAYS_SEARCH_USER_PATHS = NO;
				CLANG_ANALYZER_NONNULL = YES;
				CLANG_ANALYZER_NUMBER_OBJECT_CONVERSION = YES_AGGRESSIVE;
				CLANG_CXX_LANGUAGE_STANDARD = "gnu++17";
				CLANG_CXX_LIBRARY = "libc++";
				CLANG_ENABLE_MODULES = YES;
				CLANG_ENABLE_OBJC_ARC = YES;
				CLANG_ENABLE_OBJC_WEAK = YES;
				CLANG_WARN_BLOCK_CAPTURE_AUTORELEASING = YES;
				CLANG_WARN_BOOL_CONVERSION = YES;
				CLANG_WARN_COMMA = YES;
				CLANG_WARN_CONSTANT_CONVERSION = YES;
				CLANG_WARN_DEPRECATED_OBJC_IMPLEMENTATIONS = YES;
				CLANG_WARN_DIRECT_OBJC_ISA_USAGE = YES_ERROR;
				CLANG_WARN_DOCUMENTATION_COMMENTS = YES;
				CLANG_WARN_EMPTY_BODY = YES;
				CLANG_WARN_ENUM_CONVERSION = YES;
				CLANG_WARN_INFINITE_RECURSION = YES;
				CLANG_WARN_INT_CONVERSION = YES;
				CLANG_WARN_NON_LITERAL_NULL_CONVERSION = YES;
				CLANG_WARN_OBJC_IMPLICIT_RETAIN_SELF = YES;
				CLANG_WARN_OBJC_LITERAL_CONVERSION = YES;
				CLANG_WARN_OBJC_ROOT_CLASS = YES_ERROR;
				CLANG_WARN_QUOTED_INCLUDE_IN_FRAMEWORK_HEADER = YES;
				CLANG_WARN_RANGE_LOOP_ANALYSIS = YES;
				CLANG_WARN_STRICT_PROTOTYPES = YES;
				CLANG_WARN_SUSPICIOUS_MOVE = YES;
				CLANG_WARN_UNGUARDED_AVAILABILITY = YES_AGGRESSIVE;
				CLANG_WARN_UNREACHABLE_CODE = YES;
				CLANG_WARN__DUPLICATE_METHOD_MATCH = YES;
				COPY_PHASE_STRIP = NO;
				DEBUG_INFORMATION_FORMAT = "dwarf-with-dsym";
				ENABLE_NS_ASSERTIONS = NO;
				ENABLE_STRICT_OBJC_MSGSEND = YES;
				GCC_C_LANGUAGE_STANDARD = gnu11;
				GCC_NO_COMMON_BLOCKS = YES;
				GCC_WARN_64_TO_32_BIT_CONVERSION = YES;
				GCC_WARN_ABOUT_RETURN_TYPE = YES_ERROR;
				GCC_WARN_UNDECLARED_SELECTOR = YES;
				GCC_WARN_UNINITIALIZED_AUTOS = YES_AGGRESSIVE;
				GCC_WARN_UNUSED_FUNCTION = YES;
				GCC_WARN_UNUSED_VARIABLE = YES;
				IPHONEOS_DEPLOYMENT_TARGET = 15.2;
				MTL_ENABLE_DEBUG_INFO = NO;
				MTL_FAST_MATH = YES;
				SDKROOT = iphoneos;
				SWIFT_COMPILATION_MODE = wholemodule;
				SWIFT_OPTIMIZATION_LEVEL = "-O";
				VALIDATE_PRODUCT = YES;
			};
			name = Release;
		};
		4046DE7B276D175A006111B9 /* Debug */ = {
			isa = XCBuildConfiguration;
			buildSettings = {
				ASSETCATALOG_COMPILER_APPICON_NAME = AppIcon;
				ASSETCATALOG_COMPILER_GLOBAL_ACCENT_COLOR_NAME = AccentColor;
				CODE_SIGN_STYLE = Automatic;
				CURRENT_PROJECT_VERSION = 1;
				DEVELOPMENT_TEAM = LKF6A6MC84;
				GENERATE_INFOPLIST_FILE = YES;
				INFOPLIST_FILE = whosWannaBeMillionaire/Info.plist;
				INFOPLIST_KEY_UIApplicationSupportsIndirectInputEvents = YES;
				INFOPLIST_KEY_UILaunchStoryboardName = LaunchScreen;
				INFOPLIST_KEY_UIMainStoryboardFile = Main;
				INFOPLIST_KEY_UISupportedInterfaceOrientations = UIInterfaceOrientationPortrait;
				INFOPLIST_KEY_UISupportedInterfaceOrientations_iPad = "UIInterfaceOrientationPortrait UIInterfaceOrientationPortraitUpsideDown UIInterfaceOrientationLandscapeLeft UIInterfaceOrientationLandscapeRight";
				INFOPLIST_KEY_UISupportedInterfaceOrientations_iPhone = "UIInterfaceOrientationPortrait UIInterfaceOrientationLandscapeLeft UIInterfaceOrientationLandscapeRight";
				LD_RUNPATH_SEARCH_PATHS = (
					"$(inherited)",
					"@executable_path/Frameworks",
				);
				MARKETING_VERSION = 1.0;
				PRODUCT_BUNDLE_IDENTIFIER = com.igor2890.whosWannaBeMillionaire;
				PRODUCT_NAME = "$(TARGET_NAME)";
				SWIFT_EMIT_LOC_STRINGS = YES;
				SWIFT_VERSION = 5.0;
				TARGETED_DEVICE_FAMILY = "1,2";
			};
			name = Debug;
		};
		4046DE7C276D175A006111B9 /* Release */ = {
			isa = XCBuildConfiguration;
			buildSettings = {
				ASSETCATALOG_COMPILER_APPICON_NAME = AppIcon;
				ASSETCATALOG_COMPILER_GLOBAL_ACCENT_COLOR_NAME = AccentColor;
				CODE_SIGN_STYLE = Automatic;
				CURRENT_PROJECT_VERSION = 1;
				DEVELOPMENT_TEAM = LKF6A6MC84;
				GENERATE_INFOPLIST_FILE = YES;
				INFOPLIST_FILE = whosWannaBeMillionaire/Info.plist;
				INFOPLIST_KEY_UIApplicationSupportsIndirectInputEvents = YES;
				INFOPLIST_KEY_UILaunchStoryboardName = LaunchScreen;
				INFOPLIST_KEY_UIMainStoryboardFile = Main;
				INFOPLIST_KEY_UISupportedInterfaceOrientations = UIInterfaceOrientationPortrait;
				INFOPLIST_KEY_UISupportedInterfaceOrientations_iPad = "UIInterfaceOrientationPortrait UIInterfaceOrientationPortraitUpsideDown UIInterfaceOrientationLandscapeLeft UIInterfaceOrientationLandscapeRight";
				INFOPLIST_KEY_UISupportedInterfaceOrientations_iPhone = "UIInterfaceOrientationPortrait UIInterfaceOrientationLandscapeLeft UIInterfaceOrientationLandscapeRight";
				LD_RUNPATH_SEARCH_PATHS = (
					"$(inherited)",
					"@executable_path/Frameworks",
				);
				MARKETING_VERSION = 1.0;
				PRODUCT_BUNDLE_IDENTIFIER = com.igor2890.whosWannaBeMillionaire;
				PRODUCT_NAME = "$(TARGET_NAME)";
				SWIFT_EMIT_LOC_STRINGS = YES;
				SWIFT_VERSION = 5.0;
				TARGETED_DEVICE_FAMILY = "1,2";
			};
			name = Release;
		};
/* End XCBuildConfiguration section */

/* Begin XCConfigurationList section */
		4046DE61276D1759006111B9 /* Build configuration list for PBXProject "whosWannaBeMillionaire" */ = {
			isa = XCConfigurationList;
			buildConfigurations = (
				4046DE78276D175A006111B9 /* Debug */,
				4046DE79276D175A006111B9 /* Release */,
			);
			defaultConfigurationIsVisible = 0;
			defaultConfigurationName = Release;
		};
		4046DE7A276D175A006111B9 /* Build configuration list for PBXNativeTarget "whosWannaBeMillionaire" */ = {
			isa = XCConfigurationList;
			buildConfigurations = (
				4046DE7B276D175A006111B9 /* Debug */,
				4046DE7C276D175A006111B9 /* Release */,
			);
			defaultConfigurationIsVisible = 0;
			defaultConfigurationName = Release;
		};
/* End XCConfigurationList section */
	};
	rootObject = 4046DE5E276D1759006111B9 /* Project object */;
}
